<?xml version="1.0" encoding="utf-8"?>
<Project ToolsVersion="4.0" xmlns="http://schemas.microsoft.com/developer/msbuild/2003">
  <ItemGroup>
    <Filter Include="Source Files">
      <UniqueIdentifier>{4FC737F1-C7A5-4376-A066-2A32D752A2FF}</UniqueIdentifier>
      <Extensions>cpp;c;cc;cxx;def;odl;idl;hpj;bat;asm;asmx</Extensions>
    </Filter>
    <Filter Include="Header Files">
      <UniqueIdentifier>{93995380-89BD-4b04-88EB-625FBE52EBFB}</UniqueIdentifier>
      <Extensions>h;hh;hpp;hxx;hm;inl;inc;xsd</Extensions>
    </Filter>
    <Filter Include="Resource Files">
      <UniqueIdentifier>{67DA6AB6-F800-4c08-8B7A-83BB121AAD01}</UniqueIdentifier>
      <Extensions>rc;ico;cur;bmp;dlg;rc2;rct;bin;rgs;gif;jpg;jpeg;jpe;resx;tiff;tif;png;wav;mfcribbon-ms</Extensions>
    </Filter>
    <Filter Include="Header Files\libraries">
      <UniqueIdentifier>{ab9739ef-d813-42a1-a8b2-4b6e9cc7c1ae}</UniqueIdentifier>
    </Filter>
    <Filter Include="Source Files\cmps">
      <UniqueIdentifier>{4c895836-5af8-4bf5-8a38-f036a4e5bda5}</UniqueIdentifier>
    </Filter>
    <Filter Include="Source Files\managers">
      <UniqueIdentifier>{4219cca5-0cc9-4c84-affd-f39659ceb60c}</UniqueIdentifier>
    </Filter>
    <Filter Include="Source Files\utils">
      <UniqueIdentifier>{7e87da57-f1d6-463f-beab-bea33a3f683f}</UniqueIdentifier>
    </Filter>
    <Filter Include="Source Files\utils\snglt">
      <UniqueIdentifier>{0a5ae59c-f6ed-408e-80a2-56d731e23b43}</UniqueIdentifier>
    </Filter>
    <Filter Include="Source Files\systems">
      <UniqueIdentifier>{6659c5df-f3b4-422a-af2a-06a5e706fa90}</UniqueIdentifier>
    </Filter>
    <Filter Include="Source Files\utils\colliders">
      <UniqueIdentifier>{d8667578-8a4e-4aaf-a140-7cb571f1126e}</UniqueIdentifier>
    </Filter>
  </ItemGroup>
  <ItemGroup>
    <ClCompile Include="..\src\main.cpp">
      <Filter>Source Files</Filter>
    </ClCompile>
    <ClCompile Include="..\src\systems\PhysicsSystem.cpp">
      <Filter>Source Files\systems</Filter>
    </ClCompile>
    <ClCompile Include="..\src\systems\RenderSystem.cpp">
      <Filter>Source Files\systems</Filter>
    </ClCompile>
    <ClCompile Include="..\src\managers\GameEngine.cpp">
      <Filter>Source Files\managers</Filter>
    </ClCompile>
    <ClCompile Include="..\src\cmps\RenderComponent.cpp">
      <Filter>Source Files\cmps</Filter>
    </ClCompile>
    <ClCompile Include="..\src\systems\AnimationSystem.cpp">
      <Filter>Source Files\systems</Filter>
    </ClCompile>
    <ClCompile Include="..\src\systems\InputSystem.cpp">
      <Filter>Source Files\systems</Filter>
    </ClCompile>
    <ClCompile Include="..\src\utils\colliders\CircleCollider.cpp">
      <Filter>Source Files\utils\colliders</Filter>
    </ClCompile>
    <ClCompile Include="..\src\utils\colliders\RectCollider.cpp">
      <Filter>Source Files\utils\colliders</Filter>
    </ClCompile>
    <ClCompile Include="..\src\utils\colliders\PixelsCollider.cpp">
      <Filter>Source Files\utils\colliders</Filter>
    </ClCompile>
    <ClCompile Include="..\src\systems\CollisionSystem.cpp">
      <Filter>Source Files\systems</Filter>
    </ClCompile>
    <ClCompile Include="..\src\managers\FontManager.cpp">
      <Filter>Source Files\managers</Filter>
    </ClCompile>
    <ClCompile Include="..\src\managers\MapManager.cpp">
      <Filter>Source Files\managers</Filter>
    </ClCompile>
    <ClCompile Include="pugixml.cpp">
      <Filter>Source Files</Filter>
    </ClCompile>
    <ClCompile Include="..\src\managers\AudioManager.cpp">
      <Filter>Source Files\managers</Filter>
    </ClCompile>
    <ClCompile Include="..\src\systems\LifeSystem.cpp">
      <Filter>Source Files\systems</Filter>
    </ClCompile>
    <ClCompile Include="..\src\systems\AISystem.cpp">
      <Filter>Source Files\systems</Filter>
    </ClCompile>
  </ItemGroup>
  <ItemGroup>
    <ClInclude Include="..\lib\litegfx.h">
      <Filter>Header Files\libraries</Filter>
    </ClInclude>
    <ClInclude Include="..\src\cmps\RenderComponent.hpp">
      <Filter>Source Files\cmps</Filter>
    </ClInclude>
    <ClInclude Include="..\src\managers\Entitymanager.hpp">
      <Filter>Source Files\managers</Filter>
    </ClInclude>
    <ClInclude Include="..\src\utils\sngtn\GameData.hpp">
      <Filter>Source Files\utils\snglt</Filter>
    </ClInclude>
    <ClInclude Include="..\src\systems\PhysicsSystem.hpp">
      <Filter>Source Files\systems</Filter>
    </ClInclude>
    <ClInclude Include="..\src\systems\RenderSystem.hpp">
      <Filter>Source Files\systems</Filter>
    </ClInclude>
    <ClInclude Include="..\src\utils\meta_program.hpp">
      <Filter>Source Files\utils</Filter>
    </ClInclude>
    <ClInclude Include="..\src\utils\types.hpp">
      <Filter>Source Files\utils</Filter>
    </ClInclude>
    <ClInclude Include="..\src\utils\Vec2.hpp">
      <Filter>Source Files\utils</Filter>
    </ClInclude>
    <ClInclude Include="..\src\utils\Vec4.hpp">
      <Filter>Source Files\utils</Filter>
    </ClInclude>
    <ClInclude Include="..\src\managers\ExerciseManager.hpp">
      <Filter>Source Files\managers</Filter>
    </ClInclude>
    <ClInclude Include="..\src\managers\GameEngine.hpp">
      <Filter>Source Files\managers</Filter>
    </ClInclude>
    <ClInclude Include="..\src\cmps\AnimationComponent.hpp">
      <Filter>Source Files\cmps</Filter>
    </ClInclude>
    <ClInclude Include="..\src\systems\AnimationSystem.hpp">
      <Filter>Source Files\systems</Filter>
    </ClInclude>
    <ClInclude Include="..\src\systems\InputSystem.hpp">
      <Filter>Source Files\systems</Filter>
    </ClInclude>
    <ClInclude Include="..\src\managers\InputManager.hpp">
      <Filter>Source Files\managers</Filter>
    </ClInclude>
    <ClInclude Include="..\src\cmps\InputComponent.hpp">
      <Filter>Source Files\cmps</Filter>
    </ClInclude>
    <ClInclude Include="..\src\utils\colliders\Collider.hpp">
      <Filter>Source Files\utils\colliders</Filter>
    </ClInclude>
    <ClInclude Include="..\src\utils\colliders\CircleCollider.hpp">
      <Filter>Source Files\utils\colliders</Filter>
    </ClInclude>
    <ClInclude Include="..\src\utils\colliders\checkfunctions.hpp">
      <Filter>Source Files\utils\colliders</Filter>
    </ClInclude>
    <ClInclude Include="..\src\utils\colliders\RectCollider.hpp">
      <Filter>Source Files\utils\colliders</Filter>
    </ClInclude>
    <ClInclude Include="..\src\utils\colliders\PixelsCollider.hpp">
      <Filter>Source Files\utils\colliders</Filter>
    </ClInclude>
    <ClInclude Include="..\src\systems\CollisionSystem.hpp">
      <Filter>Source Files\systems</Filter>
    </ClInclude>
    <ClInclude Include="..\src\managers\TextureManager.hpp">
      <Filter>Source Files\managers</Filter>
    </ClInclude>
    <ClInclude Include="..\src\cmps\PhysicsComponent.hpp">
      <Filter>Source Files\cmps</Filter>
    </ClInclude>
    <ClInclude Include="..\src\cmps\ColliderComponent.hpp">
      <Filter>Source Files\cmps</Filter>
    </ClInclude>
    <ClInclude Include="..\src\managers\FontManager.hpp">
      <Filter>Source Files\managers</Filter>
    </ClInclude>
    <ClInclude Include="..\src\cmps\ScrollComponent.hpp">
      <Filter>Source Files\cmps</Filter>
    </ClInclude>
    <ClInclude Include="..\src\managers\MapManager.hpp">
      <Filter>Source Files\managers</Filter>
    </ClInclude>
    <ClInclude Include="..\src\utils\sngtn\PlayerInfo.hpp">
      <Filter>Source Files\utils\snglt</Filter>
    </ClInclude>
    <ClInclude Include="..\src\managers\EventManager.hpp">
      <Filter>Source Files\managers</Filter>
    </ClInclude>
    <ClInclude Include="..\src\cmps\ListenerComponent.hpp">
      <Filter>Source Files\cmps</Filter>
    </ClInclude>
    <ClInclude Include="..\src\systems\EventSystem.hpp">
      <Filter>Source Files\systems</Filter>
    </ClInclude>
    <ClInclude Include="..\src\managers\AudioManager.hpp">
      <Filter>Source Files\managers</Filter>
    </ClInclude>
    <ClInclude Include="..\openal\AL\al.h">
      <Filter>Header Files\libraries</Filter>
    </ClInclude>
    <ClInclude Include="..\openal\AL\alc.h">
      <Filter>Header Files\libraries</Filter>
    </ClInclude>
    <ClInclude Include="..\openal\AL\alext.h">
      <Filter>Header Files\libraries</Filter>
    </ClInclude>
    <ClInclude Include="..\openal\AL\alut.h">
      <Filter>Header Files\libraries</Filter>
    </ClInclude>
    <ClInclude Include="..\openal\AL\efx.h">
      <Filter>Header Files\libraries</Filter>
    </ClInclude>
    <ClInclude Include="..\openal\AL\efx-creative.h">
      <Filter>Header Files\libraries</Filter>
    </ClInclude>
    <ClInclude Include="..\openal\AL\efx-presets.h">
      <Filter>Header Files\libraries</Filter>
    </ClInclude>
    <ClInclude Include="..\src\systems\AudioSystem.hpp">
      <Filter>Source Files\systems</Filter>
    </ClInclude>
    <ClInclude Include="..\src\utils\sngtn\Listener.hpp">
      <Filter>Source Files\utils\snglt</Filter>
    </ClInclude>
    <ClInclude Include="..\src\cmps\LifeComponent.hpp">
      <Filter>Source Files\cmps</Filter>
    </ClInclude>
    <ClInclude Include="..\src\systems\LifeSystem.hpp">
      <Filter>Source Files\systems</Filter>
    </ClInclude>
    <ClInclude Include="..\src\cmps\AIComponent.hpp">
      <Filter>Source Files\cmps</Filter>
    </ClInclude>
    <ClInclude Include="..\src\systems\AISystem.hpp">
      <Filter>Source Files\systems</Filter>
    </ClInclude>
  </ItemGroup>
</Project>